// !$*UTF8*$!
{
	archiveVersion = 1;
	classes = {
	};
	objectVersion = 51;
	objects = {

/* Begin PBXBuildFile section */
		6680957882D93BCCDCBC7B10 /* Pods_collectionView.framework in Frameworks */ = {isa = PBXBuildFile; fileRef = D2DE8F7180DE5E404FD2688F /* Pods_collectionView.framework */; };
		846595B826859EBA00EE6EDA /* AppDelegate.swift in Sources */ = {isa = PBXBuildFile; fileRef = 846595B726859EBA00EE6EDA /* AppDelegate.swift */; };
		846595BA26859EBA00EE6EDA /* SceneDelegate.swift in Sources */ = {isa = PBXBuildFile; fileRef = 846595B926859EBA00EE6EDA /* SceneDelegate.swift */; };
		846595BC26859EBA00EE6EDA /* ViewController.swift in Sources */ = {isa = PBXBuildFile; fileRef = 846595BB26859EBA00EE6EDA /* ViewController.swift */; };
		846595BF26859EBA00EE6EDA /* Main.storyboard in Resources */ = {isa = PBXBuildFile; fileRef = 846595BD26859EBA00EE6EDA /* Main.storyboard */; };
		846595C126859EC100EE6EDA /* Assets.xcassets in Resources */ = {isa = PBXBuildFile; fileRef = 846595C026859EC100EE6EDA /* Assets.xcassets */; };
		846595C426859EC100EE6EDA /* LaunchScreen.storyboard in Resources */ = {isa = PBXBuildFile; fileRef = 846595C226859EC100EE6EDA /* LaunchScreen.storyboard */; };
		846595CE2685A51100EE6EDA /* ImageCell.swift in Sources */ = {isa = PBXBuildFile; fileRef = 846595CC2685A51100EE6EDA /* ImageCell.swift */; };
		846595CF2685A51100EE6EDA /* ImageCell.xib in Resources */ = {isa = PBXBuildFile; fileRef = 846595CD2685A51100EE6EDA /* ImageCell.xib */; };
		846595D22685A5A000EE6EDA /* CollectionViewController.swift in Sources */ = {isa = PBXBuildFile; fileRef = 846595D12685A5A000EE6EDA /* CollectionViewController.swift */; };
		846595D62685A6F100EE6EDA /* ImageModel.swift in Sources */ = {isa = PBXBuildFile; fileRef = 846595D52685A6F100EE6EDA /* ImageModel.swift */; };
		8471F8DD2685B75E000A47B8 /* Service.swift in Sources */ = {isa = PBXBuildFile; fileRef = 8471F8DC2685B75E000A47B8 /* Service.swift */; };
		8471F8E02685BEB1000A47B8 /* GoogleService-Info.plist in Resources */ = {isa = PBXBuildFile; fileRef = 8471F8DF2685BEB1000A47B8 /* GoogleService-Info.plist */; };
/* End PBXBuildFile section */

/* Begin PBXFileReference section */
		3635600C1ED0DF64547FD1A7 /* Pods-collectionView.debug.xcconfig */ = {isa = PBXFileReference; includeInIndex = 1; lastKnownFileType = text.xcconfig; name = "Pods-collectionView.debug.xcconfig"; path = "Target Support Files/Pods-collectionView/Pods-collectionView.debug.xcconfig"; sourceTree = "<group>"; };
		846595B426859EBA00EE6EDA /* collectionView.app */ = {isa = PBXFileReference; explicitFileType = wrapper.application; includeInIndex = 0; path = collectionView.app; sourceTree = BUILT_PRODUCTS_DIR; };
		846595B726859EBA00EE6EDA /* AppDelegate.swift */ = {isa = PBXFileReference; lastKnownFileType = sourcecode.swift; path = AppDelegate.swift; sourceTree = "<group>"; };
		846595B926859EBA00EE6EDA /* SceneDelegate.swift */ = {isa = PBXFileReference; lastKnownFileType = sourcecode.swift; path = SceneDelegate.swift; sourceTree = "<group>"; };
		846595BB26859EBA00EE6EDA /* ViewController.swift */ = {isa = PBXFileReference; lastKnownFileType = sourcecode.swift; path = ViewController.swift; sourceTree = "<group>"; };
		846595BE26859EBA00EE6EDA /* Base */ = {isa = PBXFileReference; lastKnownFileType = file.storyboard; name = Base; path = Base.lproj/Main.storyboard; sourceTree = "<group>"; };
		846595C026859EC100EE6EDA /* Assets.xcassets */ = {isa = PBXFileReference; lastKnownFileType = folder.assetcatalog; path = Assets.xcassets; sourceTree = "<group>"; };
		846595C326859EC100EE6EDA /* Base */ = {isa = PBXFileReference; lastKnownFileType = file.storyboard; name = Base; path = Base.lproj/LaunchScreen.storyboard; sourceTree = "<group>"; };
		846595C526859EC200EE6EDA /* Info.plist */ = {isa = PBXFileReference; lastKnownFileType = text.plist.xml; path = Info.plist; sourceTree = "<group>"; };
		846595CC2685A51100EE6EDA /* ImageCell.swift */ = {isa = PBXFileReference; lastKnownFileType = sourcecode.swift; path = ImageCell.swift; sourceTree = "<group>"; };
		846595CD2685A51100EE6EDA /* ImageCell.xib */ = {isa = PBXFileReference; lastKnownFileType = file.xib; path = ImageCell.xib; sourceTree = "<group>"; };
		846595D12685A5A000EE6EDA /* CollectionViewController.swift */ = {isa = PBXFileReference; lastKnownFileType = sourcecode.swift; path = CollectionViewController.swift; sourceTree = "<group>"; };
		846595D52685A6F100EE6EDA /* ImageModel.swift */ = {isa = PBXFileReference; lastKnownFileType = sourcecode.swift; path = ImageModel.swift; sourceTree = "<group>"; };
		8471F8DC2685B75E000A47B8 /* Service.swift */ = {isa = PBXFileReference; lastKnownFileType = sourcecode.swift; path = Service.swift; sourceTree = "<group>"; };
		8471F8DF2685BEB1000A47B8 /* GoogleService-Info.plist */ = {isa = PBXFileReference; fileEncoding = 4; lastKnownFileType = text.plist.xml; path = "GoogleService-Info.plist"; sourceTree = "<group>"; };
		88DBE0555D43440EC09C59E7 /* Pods-collectionView.release.xcconfig */ = {isa = PBXFileReference; includeInIndex = 1; lastKnownFileType = text.xcconfig; name = "Pods-collectionView.release.xcconfig"; path = "Target Support Files/Pods-collectionView/Pods-collectionView.release.xcconfig"; sourceTree = "<group>"; };
		D2DE8F7180DE5E404FD2688F /* Pods_collectionView.framework */ = {isa = PBXFileReference; explicitFileType = wrapper.framework; includeInIndex = 0; path = Pods_collectionView.framework; sourceTree = BUILT_PRODUCTS_DIR; };
/* End PBXFileReference section */

/* Begin PBXFrameworksBuildPhase section */
		846595B126859EBA00EE6EDA /* Frameworks */ = {
			isa = PBXFrameworksBuildPhase;
			buildActionMask = 2147483647;
			files = (
				6680957882D93BCCDCBC7B10 /* Pods_collectionView.framework in Frameworks */,
			);
			runOnlyForDeploymentPostprocessing = 0;
		};
/* End PBXFrameworksBuildPhase section */

/* Begin PBXGroup section */
		846595AB26859EB900EE6EDA = {
			isa = PBXGroup;
			children = (
				846595B626859EBA00EE6EDA /* collectionView */,
				846595B526859EBA00EE6EDA /* Products */,
				9687FAD68D0FA065D22B1B99 /* Pods */,
				BC465ACAA1010F0419DA429D /* Frameworks */,
			);
			sourceTree = "<group>";
		};
		846595B526859EBA00EE6EDA /* Products */ = {
			isa = PBXGroup;
			children = (
				846595B426859EBA00EE6EDA /* collectionView.app */,
			);
			name = Products;
			sourceTree = "<group>";
		};
		846595B626859EBA00EE6EDA /* collectionView */ = {
			isa = PBXGroup;
			children = (
				846595CC2685A51100EE6EDA /* ImageCell.swift */,
				846595CD2685A51100EE6EDA /* ImageCell.xib */,
				846595B726859EBA00EE6EDA /* AppDelegate.swift */,
				846595B926859EBA00EE6EDA /* SceneDelegate.swift */,
				846595BB26859EBA00EE6EDA /* ViewController.swift */,
				846595BD26859EBA00EE6EDA /* Main.storyboard */,
				846595C026859EC100EE6EDA /* Assets.xcassets */,
				846595C226859EC100EE6EDA /* LaunchScreen.storyboard */,
				846595C526859EC200EE6EDA /* Info.plist */,
				846595D12685A5A000EE6EDA /* CollectionViewController.swift */,
				846595D52685A6F100EE6EDA /* ImageModel.swift */,
				8471F8DC2685B75E000A47B8 /* Service.swift */,
				8471F8DF2685BEB1000A47B8 /* GoogleService-Info.plist */,
			);
			path = collectionView;
			sourceTree = "<group>";
		};
		9687FAD68D0FA065D22B1B99 /* Pods */ = {
			isa = PBXGroup;
			children = (
				3635600C1ED0DF64547FD1A7 /* Pods-collectionView.debug.xcconfig */,
				88DBE0555D43440EC09C59E7 /* Pods-collectionView.release.xcconfig */,
			);
			path = Pods;
			sourceTree = "<group>";
		};
		BC465ACAA1010F0419DA429D /* Frameworks */ = {
			isa = PBXGroup;
			children = (
				D2DE8F7180DE5E404FD2688F /* Pods_collectionView.framework */,
			);
			name = Frameworks;
			sourceTree = "<group>";
		};
/* End PBXGroup section */

/* Begin PBXNativeTarget section */
		846595B326859EBA00EE6EDA /* collectionView */ = {
			isa = PBXNativeTarget;
			buildConfigurationList = 846595C826859EC200EE6EDA /* Build configuration list for PBXNativeTarget "collectionView" */;
			buildPhases = (
				F0687E7A00299EA8022EB8AC /* [CP] Check Pods Manifest.lock */,
				846595B026859EBA00EE6EDA /* Sources */,
				846595B126859EBA00EE6EDA /* Frameworks */,
				846595B226859EBA00EE6EDA /* Resources */,
				890DF0DCEF30D71F32A6861F /* [CP] Embed Pods Frameworks */,
			);
			buildRules = (
			);
			dependencies = (
			);
			name = collectionView;
			productName = collectionView;
			productReference = 846595B426859EBA00EE6EDA /* collectionView.app */;
			productType = "com.apple.product-type.application";
		};
/* End PBXNativeTarget section */

/* Begin PBXProject section */
		846595AC26859EB900EE6EDA /* Project object */ = {
			isa = PBXProject;
			attributes = {
				LastSwiftUpdateCheck = 1210;
				LastUpgradeCheck = 1210;
				TargetAttributes = {
					846595B326859EBA00EE6EDA = {
						CreatedOnToolsVersion = 12.1;
					};
				};
			};
			buildConfigurationList = 846595AF26859EB900EE6EDA /* Build configuration list for PBXProject "collectionView" */;
			compatibilityVersion = "Xcode 9.3";
			developmentRegion = en;
			hasScannedForEncodings = 0;
			knownRegions = (
				en,
				Base,
			);
			mainGroup = 846595AB26859EB900EE6EDA;
			productRefGroup = 846595B526859EBA00EE6EDA /* Products */;
			projectDirPath = "";
			projectRoot = "";
			targets = (
				846595B326859EBA00EE6EDA /* collectionView */,
			);
		};
/* End PBXProject section */

/* Begin PBXResourcesBuildPhase section */
		846595B226859EBA00EE6EDA /* Resources */ = {
			isa = PBXResourcesBuildPhase;
			buildActionMask = 2147483647;
			files = (
				846595C426859EC100EE6EDA /* LaunchScreen.storyboard in Resources */,
				846595CF2685A51100EE6EDA /* ImageCell.xib in Resources */,
				8471F8E02685BEB1000A47B8 /* GoogleService-Info.plist in Resources */,
				846595C126859EC100EE6EDA /* Assets.xcassets in Resources */,
				846595BF26859EBA00EE6EDA /* Main.storyboard in Resources */,
			);
			runOnlyForDeploymentPostprocessing = 0;
		};
/* End PBXResourcesBuildPhase section */

/* Begin PBXShellScriptBuildPhase section */
		890DF0DCEF30D71F32A6861F /* [CP] Embed Pods Frameworks */ = {
			isa = PBXShellScriptBuildPhase;
			buildActionMask = 2147483647;
			files = (
			);
			inputFileListPaths = (
				"${PODS_ROOT}/Target Support Files/Pods-collectionView/Pods-collectionView-frameworks-${CONFIGURATION}-input-files.xcfilelist",
			);
			name = "[CP] Embed Pods Frameworks";
			outputFileListPaths = (
				"${PODS_ROOT}/Target Support Files/Pods-collectionView/Pods-collectionView-frameworks-${CONFIGURATION}-output-files.xcfilelist",
			);
			runOnlyForDeploymentPostprocessing = 0;
			shellPath = /bin/sh;
			shellScript = "\"${PODS_ROOT}/Target Support Files/Pods-collectionView/Pods-collectionView-frameworks.sh\"\n";
			showEnvVarsInLog = 0;
		};
		F0687E7A00299EA8022EB8AC /* [CP] Check Pods Manifest.lock */ = {
			isa = PBXShellScriptBuildPhase;
			buildActionMask = 2147483647;
			files = (
			);
			inputFileListPaths = (
			);
			inputPaths = (
				"${PODS_PODFILE_DIR_PATH}/Podfile.lock",
				"${PODS_ROOT}/Manifest.lock",
			);
			name = "[CP] Check Pods Manifest.lock";
			outputFileListPaths = (
			);
			outputPaths = (
				"$(DERIVED_FILE_DIR)/Pods-collectionView-checkManifestLockResult.txt",
			);
			runOnlyForDeploymentPostprocessing = 0;
			shellPath = /bin/sh;
			shellScript = "diff \"${PODS_PODFILE_DIR_PATH}/Podfile.lock\" \"${PODS_ROOT}/Manifest.lock\" > /dev/null\nif [ $? != 0 ] ; then\n    # print error to STDERR\n    echo \"error: The sandbox is not in sync with the Podfile.lock. Run 'pod install' or update your CocoaPods installation.\" >&2\n    exit 1\nfi\n# This output is used by Xcode 'outputs' to avoid re-running this script phase.\necho \"SUCCESS\" > \"${SCRIPT_OUTPUT_FILE_0}\"\n";
			showEnvVarsInLog = 0;
		};
/* End PBXShellScriptBuildPhase section */

/* Begin PBXSourcesBuildPhase section */
		846595B026859EBA00EE6EDA /* Sources */ = {
			isa = PBXSourcesBuildPhase;
			buildActionMask = 2147483647;
			files = (
				846595BC26859EBA00EE6EDA /* ViewController.swift in Sources */,
				8471F8DD2685B75E000A47B8 /* Service.swift in Sources */,
				846595D62685A6F100EE6EDA /* ImageModel.swift in Sources */,
				846595CE2685A51100EE6EDA /* ImageCell.swift in Sources */,
				846595B826859EBA00EE6EDA /* AppDelegate.swift in Sources */,
				846595BA26859EBA00EE6EDA /* SceneDelegate.swift in Sources */,
				846595D22685A5A000EE6EDA /* CollectionViewController.swift in Sources */,
			);
			runOnlyForDeploymentPostprocessing = 0;
		};
/* End PBXSourcesBuildPhase section */

/* Begin PBXVariantGroup section */
		846595BD26859EBA00EE6EDA /* Main.storyboard */ = {
			isa = PBXVariantGroup;
			children = (
				846595BE26859EBA00EE6EDA /* Base */,
			);
			name = Main.storyboard;
			sourceTree = "<group>";
		};
		846595C226859EC100EE6EDA /* LaunchScreen.storyboard */ = {
			isa = PBXVariantGroup;
			children = (
				846595C326859EC100EE6EDA /* Base */,
			);
			name = LaunchScreen.storyboard;
			sourceTree = "<group>";
		};
/* End PBXVariantGroup section */

/* Begin XCBuildConfiguration section */
		846595C626859EC200EE6EDA /* Debug */ = {
			isa = XCBuildConfiguration;
			buildSettings = {
				ALWAYS_SEARCH_USER_PATHS = NO;
				CLANG_ANALYZER_NONNULL = YES;
				CLANG_ANALYZER_NUMBER_OBJECT_CONVERSION = YES_AGGRESSIVE;
				CLANG_CXX_LANGUAGE_STANDARD = "gnu++14";
				CLANG_CXX_LIBRARY = "libc++";
				CLANG_ENABLE_MODULES = YES;
				CLANG_ENABLE_OBJC_ARC = YES;
				CLANG_ENABLE_OBJC_WEAK = YES;
				CLANG_WARN_BLOCK_CAPTURE_AUTORELEASING = YES;
				CLANG_WARN_BOOL_CONVERSION = YES;
				CLANG_WARN_COMMA = YES;
				CLANG_WARN_CONSTANT_CONVERSION = YES;
				CLANG_WARN_DEPRECATED_OBJC_IMPLEMENTATIONS = YES;
				CLANG_WARN_DIRECT_OBJC_ISA_USAGE = YES_ERROR;
				CLANG_WARN_DOCUMENTATION_COMMENTS = YES;
				CLANG_WARN_EMPTY_BODY = YES;
				CLANG_WARN_ENUM_CONVERSION = YES;
				CLANG_WARN_INFINITE_RECURSION = YES;
				CLANG_WARN_INT_CONVERSION = YES;
				CLANG_WARN_NON_LITERAL_NULL_CONVERSION = YES;
				CLANG_WARN_OBJC_IMPLICIT_RETAIN_SELF = YES;
				CLANG_WARN_OBJC_LITERAL_CONVERSION = YES;
				CLANG_WARN_OBJC_ROOT_CLASS = YES_ERROR;
				CLANG_WARN_QUOTED_INCLUDE_IN_FRAMEWORK_HEADER = YES;
				CLANG_WARN_RANGE_LOOP_ANALYSIS = YES;
				CLANG_WARN_STRICT_PROTOTYPES = YES;
				CLANG_WARN_SUSPICIOUS_MOVE = YES;
				CLANG_WARN_UNGUARDED_AVAILABILITY = YES_AGGRESSIVE;
				CLANG_WARN_UNREACHABLE_CODE = YES;
				CLANG_WARN__DUPLICATE_METHOD_MATCH = YES;
				COPY_PHASE_STRIP = NO;
				DEBUG_INFORMATION_FORMAT = dwarf;
				ENABLE_STRICT_OBJC_MSGSEND = YES;
				ENABLE_TESTABILITY = YES;
				GCC_C_LANGUAGE_STANDARD = gnu11;
				GCC_DYNAMIC_NO_PIC = NO;
				GCC_NO_COMMON_BLOCKS = YES;
				GCC_OPTIMIZATION_LEVEL = 0;
				GCC_PREPROCESSOR_DEFINITIONS = (
					"DEBUG=1",
					"$(inherited)",
				);
				GCC_WARN_64_TO_32_BIT_CONVERSION = YES;
				GCC_WARN_ABOUT_RETURN_TYPE = YES_ERROR;
				GCC_WARN_UNDECLARED_SELECTOR = YES;
				GCC_WARN_UNINITIALIZED_AUTOS = YES_AGGRESSIVE;
				GCC_WARN_UNUSED_FUNCTION = YES;
				GCC_WARN_UNUSED_VARIABLE = YES;
				IPHONEOS_DEPLOYMENT_TARGET = 14.1;
				MTL_ENABLE_DEBUG_INFO = INCLUDE_SOURCE;
				MTL_FAST_MATH = YES;
				ONLY_ACTIVE_ARCH = YES;
				SDKROOT = iphoneos;
				SWIFT_ACTIVE_COMPILATION_CONDITIONS = DEBUG;
				SWIFT_OPTIMIZATION_LEVEL = "-Onone";
			};
			name = Debug;
		};
		846595C726859EC200EE6EDA /* Release */ = {
			isa = XCBuildConfiguration;
			buildSettings = {
				ALWAYS_SEARCH_USER_PATHS = NO;
				CLANG_ANALYZER_NONNULL = YES;
				CLANG_ANALYZER_NUMBER_OBJECT_CONVERSION = YES_AGGRESSIVE;
				CLANG_CXX_LANGUAGE_STANDARD = "gnu++14";
				CLANG_CXX_LIBRARY = "libc++";
				CLANG_ENABLE_MODULES = YES;
				CLANG_ENABLE_OBJC_ARC = YES;
				CLANG_ENABLE_OBJC_WEAK = YES;
				CLANG_WARN_BLOCK_CAPTURE_AUTORELEASING = YES;
				CLANG_WARN_BOOL_CONVERSION = YES;
				CLANG_WARN_COMMA = YES;
				CLANG_WARN_CONSTANT_CONVERSION = YES;
				CLANG_WARN_DEPRECATED_OBJC_IMPLEMENTATIONS = YES;
				CLANG_WARN_DIRECT_OBJC_ISA_USAGE = YES_ERROR;
				CLANG_WARN_DOCUMENTATION_COMMENTS = YES;
				CLANG_WARN_EMPTY_BODY = YES;
				CLANG_WARN_ENUM_CONVERSION = YES;
				CLANG_WARN_INFINITE_RECURSION = YES;
				CLANG_WARN_INT_CONVERSION = YES;
				CLANG_WARN_NON_LITERAL_NULL_CONVERSION = YES;
				CLANG_WARN_OBJC_IMPLICIT_RETAIN_SELF = YES;
				CLANG_WARN_OBJC_LITERAL_CONVERSION = YES;
				CLANG_WARN_OBJC_ROOT_CLASS = YES_ERROR;
				CLANG_WARN_QUOTED_INCLUDE_IN_FRAMEWORK_HEADER = YES;
				CLANG_WARN_RANGE_LOOP_ANALYSIS = YES;
				CLANG_WARN_STRICT_PROTOTYPES = YES;
				CLANG_WARN_SUSPICIOUS_MOVE = YES;
				CLANG_WARN_UNGUARDED_AVAILABILITY = YES_AGGRESSIVE;
				CLANG_WARN_UNREACHABLE_CODE = YES;
				CLANG_WARN__DUPLICATE_METHOD_MATCH = YES;
				COPY_PHASE_STRIP = NO;
				DEBUG_INFORMATION_FORMAT = "dwarf-with-dsym";
				ENABLE_NS_ASSERTIONS = NO;
				ENABLE_STRICT_OBJC_MSGSEND = YES;
				GCC_C_LANGUAGE_STANDARD = gnu11;
				GCC_NO_COMMON_BLOCKS = YES;
				GCC_WARN_64_TO_32_BIT_CONVERSION = YES;
				GCC_WARN_ABOUT_RETURN_TYPE = YES_ERROR;
				GCC_WARN_UNDECLARED_SELECTOR = YES;
				GCC_WARN_UNINITIALIZED_AUTOS = YES_AGGRESSIVE;
				GCC_WARN_UNUSED_FUNCTION = YES;
				GCC_WARN_UNUSED_VARIABLE = YES;
				IPHONEOS_DEPLOYMENT_TARGET = 14.1;
				MTL_ENABLE_DEBUG_INFO = NO;
				MTL_FAST_MATH = YES;
				SDKROOT = iphoneos;
				SWIFT_COMPILATION_MODE = wholemodule;
				SWIFT_OPTIMIZATION_LEVEL = "-O";
				VALIDATE_PRODUCT = YES;
			};
			name = Release;
		};
		846595C926859EC200EE6EDA /* Debug */ = {
			isa = XCBuildConfiguration;
			baseConfigurationReference = 3635600C1ED0DF64547FD1A7 /* Pods-collectionView.debug.xcconfig */;
			buildSettings = {
				ASSETCATALOG_COMPILER_APPICON_NAME = AppIcon;
				ASSETCATALOG_COMPILER_GLOBAL_ACCENT_COLOR_NAME = AccentColor;
				CODE_SIGN_STYLE = Automatic;
				INFOPLIST_FILE = collectionView/Info.plist;
				LD_RUNPATH_SEARCH_PATHS = (
					"$(inherited)",
					"@executable_path/Frameworks",
				);
				PRODUCT_BUNDLE_IDENTIFIER = com.add.collectionView;
				PRODUCT_NAME = "$(TARGET_NAME)";
				SWIFT_VERSION = 5.0;
				TARGETED_DEVICE_FAMILY = "1,2";
			};
			name = Debug;
		};
		846595CA26859EC200EE6EDA /* Release */ = {
			isa = XCBuildConfiguration;
			baseConfigurationReference = 88DBE0555D43440EC09C59E7 /* Pods-collectionView.release.xcconfig */;
			buildSettings = {
				ASSETCATALOG_COMPILER_APPICON_NAME = AppIcon;
				ASSETCATALOG_COMPILER_GLOBAL_ACCENT_COLOR_NAME = AccentColor;
				CODE_SIGN_STYLE = Automatic;
				INFOPLIST_FILE = collectionView/Info.plist;
				LD_RUNPATH_SEARCH_PATHS = (
					"$(inherited)",
					"@executable_path/Frameworks",
				);
				PRODUCT_BUNDLE_IDENTIFIER = com.add.collectionView;
				PRODUCT_NAME = "$(TARGET_NAME)";
				SWIFT_VERSION = 5.0;
				TARGETED_DEVICE_FAMILY = "1,2";
			};
			name = Release;
		};
/* End XCBuildConfiguration section */

/* Begin XCConfigurationList section */
		846595AF26859EB900EE6EDA /* Build configuration list for PBXProject "collectionView" */ = {
			isa = XCConfigurationList;
			buildConfigurations = (
				846595C626859EC200EE6EDA /* Debug */,
				846595C726859EC200EE6EDA /* Release */,
			);
			defaultConfigurationIsVisible = 0;
			defaultConfigurationName = Release;
		};
		846595C826859EC200EE6EDA /* Build configuration list for PBXNativeTarget "collectionView" */ = {
			isa = XCConfigurationList;
			buildConfigurations = (
				846595C926859EC200EE6EDA /* Debug */,
				846595CA26859EC200EE6EDA /* Release */,
			);
			defaultConfigurationIsVisible = 0;
			defaultConfigurationName = Release;
		};
/* End XCConfigurationList section */
	};
	rootObject = 846595AC26859EB900EE6EDA /* Project object */;
}
