// !$*UTF8*$!
{
	archiveVersion = 1;
	classes = {
	};
	objectVersion = 50;
	objects = {

/* Begin PBXBuildFile section */
		845A669A26578BCA0069C472 /* AppDelegate.swift in Sources */ = {isa = PBXBuildFile; fileRef = 845A669926578BCA0069C472 /* AppDelegate.swift */; };
		845A669C26578BCA0069C472 /* SceneDelegate.swift in Sources */ = {isa = PBXBuildFile; fileRef = 845A669B26578BCA0069C472 /* SceneDelegate.swift */; };
		845A669E26578BCA0069C472 /* ViewController.swift in Sources */ = {isa = PBXBuildFile; fileRef = 845A669D26578BCA0069C472 /* ViewController.swift */; };
		845A66A126578BCA0069C472 /* Main.storyboard in Resources */ = {isa = PBXBuildFile; fileRef = 845A669F26578BCA0069C472 /* Main.storyboard */; };
		845A66A326578BCD0069C472 /* Assets.xcassets in Resources */ = {isa = PBXBuildFile; fileRef = 845A66A226578BCD0069C472 /* Assets.xcassets */; };
		845A66A626578BCD0069C472 /* LaunchScreen.storyboard in Resources */ = {isa = PBXBuildFile; fileRef = 845A66A426578BCD0069C472 /* LaunchScreen.storyboard */; };
		845A66B226578BF50069C472 /* DashViewController.swift in Sources */ = {isa = PBXBuildFile; fileRef = 845A66B126578BF50069C472 /* DashViewController.swift */; };
		845A66B5265791B50069C472 /* Dashboard.storyboard in Resources */ = {isa = PBXBuildFile; fileRef = 845A66B4265791B50069C472 /* Dashboard.storyboard */; };
/* End PBXBuildFile section */

/* Begin PBXFileReference section */
		845A669626578BCA0069C472 /* DEmo1.app */ = {isa = PBXFileReference; explicitFileType = wrapper.application; includeInIndex = 0; path = DEmo1.app; sourceTree = BUILT_PRODUCTS_DIR; };
		845A669926578BCA0069C472 /* AppDelegate.swift */ = {isa = PBXFileReference; lastKnownFileType = sourcecode.swift; path = AppDelegate.swift; sourceTree = "<group>"; };
		845A669B26578BCA0069C472 /* SceneDelegate.swift */ = {isa = PBXFileReference; lastKnownFileType = sourcecode.swift; path = SceneDelegate.swift; sourceTree = "<group>"; };
		845A669D26578BCA0069C472 /* ViewController.swift */ = {isa = PBXFileReference; lastKnownFileType = sourcecode.swift; path = ViewController.swift; sourceTree = "<group>"; };
		845A66A026578BCA0069C472 /* Base */ = {isa = PBXFileReference; lastKnownFileType = file.storyboard; name = Base; path = Base.lproj/Main.storyboard; sourceTree = "<group>"; };
		845A66A226578BCD0069C472 /* Assets.xcassets */ = {isa = PBXFileReference; lastKnownFileType = folder.assetcatalog; path = Assets.xcassets; sourceTree = "<group>"; };
		845A66A526578BCD0069C472 /* Base */ = {isa = PBXFileReference; lastKnownFileType = file.storyboard; name = Base; path = Base.lproj/LaunchScreen.storyboard; sourceTree = "<group>"; };
		845A66A726578BCD0069C472 /* Info.plist */ = {isa = PBXFileReference; lastKnownFileType = text.plist.xml; path = Info.plist; sourceTree = "<group>"; };
		845A66B126578BF50069C472 /* DashViewController.swift */ = {isa = PBXFileReference; lastKnownFileType = sourcecode.swift; path = DashViewController.swift; sourceTree = "<group>"; };
		845A66B4265791B50069C472 /* Dashboard.storyboard */ = {isa = PBXFileReference; fileEncoding = 4; lastKnownFileType = file.storyboard; path = Dashboard.storyboard; sourceTree = "<group>"; };
/* End PBXFileReference section */

/* Begin PBXFrameworksBuildPhase section */
		845A669326578BCA0069C472 /* Frameworks */ = {
			isa = PBXFrameworksBuildPhase;
			buildActionMask = 2147483647;
			files = (
			);
			runOnlyForDeploymentPostprocessing = 0;
		};
/* End PBXFrameworksBuildPhase section */

/* Begin PBXGroup section */
		845A668D26578BCA0069C472 = {
			isa = PBXGroup;
			children = (
				845A669826578BCA0069C472 /* DEmo1 */,
				845A669726578BCA0069C472 /* Products */,
			);
			sourceTree = "<group>";
		};
		845A669726578BCA0069C472 /* Products */ = {
			isa = PBXGroup;
			children = (
				845A669626578BCA0069C472 /* DEmo1.app */,
			);
			name = Products;
			sourceTree = "<group>";
		};
		845A669826578BCA0069C472 /* DEmo1 */ = {
			isa = PBXGroup;
			children = (
				845A669926578BCA0069C472 /* AppDelegate.swift */,
				845A669B26578BCA0069C472 /* SceneDelegate.swift */,
				845A669D26578BCA0069C472 /* ViewController.swift */,
				845A669F26578BCA0069C472 /* Main.storyboard */,
				845A66A226578BCD0069C472 /* Assets.xcassets */,
				845A66A426578BCD0069C472 /* LaunchScreen.storyboard */,
				845A66A726578BCD0069C472 /* Info.plist */,
				845A66B4265791B50069C472 /* Dashboard.storyboard */,
				845A66B126578BF50069C472 /* DashViewController.swift */,
			);
			path = DEmo1;
			sourceTree = "<group>";
		};
/* End PBXGroup section */

/* Begin PBXNativeTarget section */
		845A669526578BCA0069C472 /* DEmo1 */ = {
			isa = PBXNativeTarget;
			buildConfigurationList = 845A66AA26578BCD0069C472 /* Build configuration list for PBXNativeTarget "DEmo1" */;
			buildPhases = (
				845A669226578BCA0069C472 /* Sources */,
				845A669326578BCA0069C472 /* Frameworks */,
				845A669426578BCA0069C472 /* Resources */,
			);
			buildRules = (
			);
			dependencies = (
			);
			name = DEmo1;
			productName = DEmo1;
			productReference = 845A669626578BCA0069C472 /* DEmo1.app */;
			productType = "com.apple.product-type.application";
		};
/* End PBXNativeTarget section */

/* Begin PBXProject section */
		845A668E26578BCA0069C472 /* Project object */ = {
			isa = PBXProject;
			attributes = {
				LastSwiftUpdateCheck = 1210;
				LastUpgradeCheck = 1210;
				TargetAttributes = {
					845A669526578BCA0069C472 = {
						CreatedOnToolsVersion = 12.1;
					};
				};
			};
			buildConfigurationList = 845A669126578BCA0069C472 /* Build configuration list for PBXProject "DEmo1" */;
			compatibilityVersion = "Xcode 9.3";
			developmentRegion = en;
			hasScannedForEncodings = 0;
			knownRegions = (
				en,
				Base,
			);
			mainGroup = 845A668D26578BCA0069C472;
			productRefGroup = 845A669726578BCA0069C472 /* Products */;
			projectDirPath = "";
			projectRoot = "";
			targets = (
				845A669526578BCA0069C472 /* DEmo1 */,
			);
		};
/* End PBXProject section */

/* Begin PBXResourcesBuildPhase section */
		845A669426578BCA0069C472 /* Resources */ = {
			isa = PBXResourcesBuildPhase;
			buildActionMask = 2147483647;
			files = (
				845A66A626578BCD0069C472 /* LaunchScreen.storyboard in Resources */,
				845A66B5265791B50069C472 /* Dashboard.storyboard in Resources */,
				845A66A326578BCD0069C472 /* Assets.xcassets in Resources */,
				845A66A126578BCA0069C472 /* Main.storyboard in Resources */,
			);
			runOnlyForDeploymentPostprocessing = 0;
		};
/* End PBXResourcesBuildPhase section */

/* Begin PBXSourcesBuildPhase section */
		845A669226578BCA0069C472 /* Sources */ = {
			isa = PBXSourcesBuildPhase;
			buildActionMask = 2147483647;
			files = (
				845A669E26578BCA0069C472 /* ViewController.swift in Sources */,
				845A669A26578BCA0069C472 /* AppDelegate.swift in Sources */,
				845A66B226578BF50069C472 /* DashViewController.swift in Sources */,
				845A669C26578BCA0069C472 /* SceneDelegate.swift in Sources */,
			);
			runOnlyForDeploymentPostprocessing = 0;
		};
/* End PBXSourcesBuildPhase section */

/* Begin PBXVariantGroup section */
		845A669F26578BCA0069C472 /* Main.storyboard */ = {
			isa = PBXVariantGroup;
			children = (
				845A66A026578BCA0069C472 /* Base */,
			);
			name = Main.storyboard;
			sourceTree = "<group>";
		};
		845A66A426578BCD0069C472 /* LaunchScreen.storyboard */ = {
			isa = PBXVariantGroup;
			children = (
				845A66A526578BCD0069C472 /* Base */,
			);
			name = LaunchScreen.storyboard;
			sourceTree = "<group>";
		};
/* End PBXVariantGroup section */

/* Begin XCBuildConfiguration section */
		845A66A826578BCD0069C472 /* Debug */ = {
			isa = XCBuildConfiguration;
			buildSettings = {
				ALWAYS_SEARCH_USER_PATHS = NO;
				CLANG_ANALYZER_NONNULL = YES;
				CLANG_ANALYZER_NUMBER_OBJECT_CONVERSION = YES_AGGRESSIVE;
				CLANG_CXX_LANGUAGE_STANDARD = "gnu++14";
				CLANG_CXX_LIBRARY = "libc++";
				CLANG_ENABLE_MODULES = YES;
				CLANG_ENABLE_OBJC_ARC = YES;
				CLANG_ENABLE_OBJC_WEAK = YES;
				CLANG_WARN_BLOCK_CAPTURE_AUTORELEASING = YES;
				CLANG_WARN_BOOL_CONVERSION = YES;
				CLANG_WARN_COMMA = YES;
				CLANG_WARN_CONSTANT_CONVERSION = YES;
				CLANG_WARN_DEPRECATED_OBJC_IMPLEMENTATIONS = YES;
				CLANG_WARN_DIRECT_OBJC_ISA_USAGE = YES_ERROR;
				CLANG_WARN_DOCUMENTATION_COMMENTS = YES;
				CLANG_WARN_EMPTY_BODY = YES;
				CLANG_WARN_ENUM_CONVERSION = YES;
				CLANG_WARN_INFINITE_RECURSION = YES;
				CLANG_WARN_INT_CONVERSION = YES;
				CLANG_WARN_NON_LITERAL_NULL_CONVERSION = YES;
				CLANG_WARN_OBJC_IMPLICIT_RETAIN_SELF = YES;
				CLANG_WARN_OBJC_LITERAL_CONVERSION = YES;
				CLANG_WARN_OBJC_ROOT_CLASS = YES_ERROR;
				CLANG_WARN_QUOTED_INCLUDE_IN_FRAMEWORK_HEADER = YES;
				CLANG_WARN_RANGE_LOOP_ANALYSIS = YES;
				CLANG_WARN_STRICT_PROTOTYPES = YES;
				CLANG_WARN_SUSPICIOUS_MOVE = YES;
				CLANG_WARN_UNGUARDED_AVAILABILITY = YES_AGGRESSIVE;
				CLANG_WARN_UNREACHABLE_CODE = YES;
				CLANG_WARN__DUPLICATE_METHOD_MATCH = YES;
				COPY_PHASE_STRIP = NO;
				DEBUG_INFORMATION_FORMAT = dwarf;
				ENABLE_STRICT_OBJC_MSGSEND = YES;
				ENABLE_TESTABILITY = YES;
				GCC_C_LANGUAGE_STANDARD = gnu11;
				GCC_DYNAMIC_NO_PIC = NO;
				GCC_NO_COMMON_BLOCKS = YES;
				GCC_OPTIMIZATION_LEVEL = 0;
				GCC_PREPROCESSOR_DEFINITIONS = (
					"DEBUG=1",
					"$(inherited)",
				);
				GCC_WARN_64_TO_32_BIT_CONVERSION = YES;
				GCC_WARN_ABOUT_RETURN_TYPE = YES_ERROR;
				GCC_WARN_UNDECLARED_SELECTOR = YES;
				GCC_WARN_UNINITIALIZED_AUTOS = YES_AGGRESSIVE;
				GCC_WARN_UNUSED_FUNCTION = YES;
				GCC_WARN_UNUSED_VARIABLE = YES;
				IPHONEOS_DEPLOYMENT_TARGET = 14.1;
				MTL_ENABLE_DEBUG_INFO = INCLUDE_SOURCE;
				MTL_FAST_MATH = YES;
				ONLY_ACTIVE_ARCH = YES;
				SDKROOT = iphoneos;
				SWIFT_ACTIVE_COMPILATION_CONDITIONS = DEBUG;
				SWIFT_OPTIMIZATION_LEVEL = "-Onone";
			};
			name = Debug;
		};
		845A66A926578BCD0069C472 /* Release */ = {
			isa = XCBuildConfiguration;
			buildSettings = {
				ALWAYS_SEARCH_USER_PATHS = NO;
				CLANG_ANALYZER_NONNULL = YES;
				CLANG_ANALYZER_NUMBER_OBJECT_CONVERSION = YES_AGGRESSIVE;
				CLANG_CXX_LANGUAGE_STANDARD = "gnu++14";
				CLANG_CXX_LIBRARY = "libc++";
				CLANG_ENABLE_MODULES = YES;
				CLANG_ENABLE_OBJC_ARC = YES;
				CLANG_ENABLE_OBJC_WEAK = YES;
				CLANG_WARN_BLOCK_CAPTURE_AUTORELEASING = YES;
				CLANG_WARN_BOOL_CONVERSION = YES;
				CLANG_WARN_COMMA = YES;
				CLANG_WARN_CONSTANT_CONVERSION = YES;
				CLANG_WARN_DEPRECATED_OBJC_IMPLEMENTATIONS = YES;
				CLANG_WARN_DIRECT_OBJC_ISA_USAGE = YES_ERROR;
				CLANG_WARN_DOCUMENTATION_COMMENTS = YES;
				CLANG_WARN_EMPTY_BODY = YES;
				CLANG_WARN_ENUM_CONVERSION = YES;
				CLANG_WARN_INFINITE_RECURSION = YES;
				CLANG_WARN_INT_CONVERSION = YES;
				CLANG_WARN_NON_LITERAL_NULL_CONVERSION = YES;
				CLANG_WARN_OBJC_IMPLICIT_RETAIN_SELF = YES;
				CLANG_WARN_OBJC_LITERAL_CONVERSION = YES;
				CLANG_WARN_OBJC_ROOT_CLASS = YES_ERROR;
				CLANG_WARN_QUOTED_INCLUDE_IN_FRAMEWORK_HEADER = YES;
				CLANG_WARN_RANGE_LOOP_ANALYSIS = YES;
				CLANG_WARN_STRICT_PROTOTYPES = YES;
				CLANG_WARN_SUSPICIOUS_MOVE = YES;
				CLANG_WARN_UNGUARDED_AVAILABILITY = YES_AGGRESSIVE;
				CLANG_WARN_UNREACHABLE_CODE = YES;
				CLANG_WARN__DUPLICATE_METHOD_MATCH = YES;
				COPY_PHASE_STRIP = NO;
				DEBUG_INFORMATION_FORMAT = "dwarf-with-dsym";
				ENABLE_NS_ASSERTIONS = NO;
				ENABLE_STRICT_OBJC_MSGSEND = YES;
				GCC_C_LANGUAGE_STANDARD = gnu11;
				GCC_NO_COMMON_BLOCKS = YES;
				GCC_WARN_64_TO_32_BIT_CONVERSION = YES;
				GCC_WARN_ABOUT_RETURN_TYPE = YES_ERROR;
				GCC_WARN_UNDECLARED_SELECTOR = YES;
				GCC_WARN_UNINITIALIZED_AUTOS = YES_AGGRESSIVE;
				GCC_WARN_UNUSED_FUNCTION = YES;
				GCC_WARN_UNUSED_VARIABLE = YES;
				IPHONEOS_DEPLOYMENT_TARGET = 14.1;
				MTL_ENABLE_DEBUG_INFO = NO;
				MTL_FAST_MATH = YES;
				SDKROOT = iphoneos;
				SWIFT_COMPILATION_MODE = wholemodule;
				SWIFT_OPTIMIZATION_LEVEL = "-O";
				VALIDATE_PRODUCT = YES;
			};
			name = Release;
		};
		845A66AB26578BCD0069C472 /* Debug */ = {
			isa = XCBuildConfiguration;
			buildSettings = {
				ASSETCATALOG_COMPILER_APPICON_NAME = AppIcon;
				ASSETCATALOG_COMPILER_GLOBAL_ACCENT_COLOR_NAME = AccentColor;
				CODE_SIGN_STYLE = Automatic;
				INFOPLIST_FILE = DEmo1/Info.plist;
				LD_RUNPATH_SEARCH_PATHS = (
					"$(inherited)",
					"@executable_path/Frameworks",
				);
				PRODUCT_BUNDLE_IDENTIFIER = com.add.DEmo1;
				PRODUCT_NAME = "$(TARGET_NAME)";
				SWIFT_VERSION = 5.0;
				TARGETED_DEVICE_FAMILY = "1,2";
			};
			name = Debug;
		};
		845A66AC26578BCD0069C472 /* Release */ = {
			isa = XCBuildConfiguration;
			buildSettings = {
				ASSETCATALOG_COMPILER_APPICON_NAME = AppIcon;
				ASSETCATALOG_COMPILER_GLOBAL_ACCENT_COLOR_NAME = AccentColor;
				CODE_SIGN_STYLE = Automatic;
				INFOPLIST_FILE = DEmo1/Info.plist;
				LD_RUNPATH_SEARCH_PATHS = (
					"$(inherited)",
					"@executable_path/Frameworks",
				);
				PRODUCT_BUNDLE_IDENTIFIER = com.add.DEmo1;
				PRODUCT_NAME = "$(TARGET_NAME)";
				SWIFT_VERSION = 5.0;
				TARGETED_DEVICE_FAMILY = "1,2";
			};
			name = Release;
		};
/* End XCBuildConfiguration section */

/* Begin XCConfigurationList section */
		845A669126578BCA0069C472 /* Build configuration list for PBXProject "DEmo1" */ = {
			isa = XCConfigurationList;
			buildConfigurations = (
				845A66A826578BCD0069C472 /* Debug */,
				845A66A926578BCD0069C472 /* Release */,
			);
			defaultConfigurationIsVisible = 0;
			defaultConfigurationName = Release;
		};
		845A66AA26578BCD0069C472 /* Build configuration list for PBXNativeTarget "DEmo1" */ = {
			isa = XCConfigurationList;
			buildConfigurations = (
				845A66AB26578BCD0069C472 /* Debug */,
				845A66AC26578BCD0069C472 /* Release */,
			);
			defaultConfigurationIsVisible = 0;
			defaultConfigurationName = Release;
		};
/* End XCConfigurationList section */
	};
	rootObject = 845A668E26578BCA0069C472 /* Project object */;
}
